
Microsoft Visual Studio Solution File, Format Version 12.00
# Visual Studio Version 17
VisualStudioVersion = 17.14.37502.11 d17.14
MinimumVisualStudioVersion = 10.0.40219.1
Project("{FAE04EC0-301F-11D3-BF4B-00C04F79EFBC}") = "Cmod+Coffee", "Cmod+Coffee\Cmod+Coffee.csproj", "{693FE336-383E-4DE6-9749-B3F747CD8DE8}"
EndProject
Global
	GlobalSection(SolutionConfigurationPlatforms) = preSolution
		Debug|Any CPU = Debug|Any CPU
		Release|Any CPU = Release|Any CPU
	EndGlobalSection
	GlobalSection(ProjectConfigurationPlatforms) = postSolution
		{693FE336-383E-4DE6-9749-B3F747CD8DE8}.Debug|Any CPU.ActiveCfg = Debug|Any CPU
		{693FE336-383E-4DE6-9749-B3F747CD8DE8}.Debug|Any CPU.Build.0 = Debug|Any CPU
		{693FE336-383E-4DE6-9749-B3F747CD8DE8}.Release|Any CPU.ActiveCfg = Release|Any CPU
		{693FE336-383E-4DE6-9749-B3F747CD8DE8}.Release|Any CPU.Build.0 = Release|Any CPU
	EndGlobalSection
	GlobalSection(SolutionProperties) = preSolution
		HideSolutionNode = FALSE
	EndGlobalSection
	GlobalSection(ExtensibilityGlobals) = postSolution
		SolutionGuid = {E0565541-9677-42D5-889F-BB66C91FC1F9}
	EndGlobalSection
EndGlobal
